
Microsoft Visual Studio Solution File, Format Version 12.00
# Visual Studio Version 17
VisualStudioVersion = 17.0.31903.59
MinimumVisualStudioVersion = 10.0.40219.1
Project("{FAE04EC0-301F-11D3-BF4B-00C04F79EFBC}") = "VectorGraphicViewer", "VectorGraphicViewer\VectorGraphicViewer.csproj", "{DE5BD889-3AA9-43AE-8074-AD954C5E963F}"
EndProject
Project("{FAE04EC0-301F-11D3-BF4B-00C04F79EFBC}") = "VectorGraphicViewer.test", "VectorGraphicViewer.test\VectorGraphicViewer.test.csproj", "{3F0F0A6A-3810-419D-B83C-275A6309E107}"
EndProject
Global
	GlobalSection(SolutionConfigurationPlatforms) = preSolution
		Debug|Any CPU = Debug|Any CPU
		Release|Any CPU = Release|Any CPU
	EndGlobalSection
	GlobalSection(ProjectConfigurationPlatforms) = postSolution
		{DE5BD889-3AA9-43AE-8074-AD954C5E963F}.Debug|Any CPU.ActiveCfg = Debug|Any CPU
		{DE5BD889-3AA9-43AE-8074-AD954C5E963F}.Debug|Any CPU.Build.0 = Debug|Any CPU
		{DE5BD889-3AA9-43AE-8074-AD954C5E963F}.Release|Any CPU.ActiveCfg = Release|Any CPU
		{DE5BD889-3AA9-43AE-8074-AD954C5E963F}.Release|Any CPU.Build.0 = Release|Any CPU
		{3F0F0A6A-3810-419D-B83C-275A6309E107}.Debug|Any CPU.ActiveCfg = Debug|Any CPU
		{3F0F0A6A-3810-419D-B83C-275A6309E107}.Debug|Any CPU.Build.0 = Debug|Any CPU
		{3F0F0A6A-3810-419D-B83C-275A6309E107}.Release|Any CPU.ActiveCfg = Release|Any CPU
		{3F0F0A6A-3810-419D-B83C-275A6309E107}.Release|Any CPU.Build.0 = Release|Any CPU
	EndGlobalSection
	GlobalSection(SolutionProperties) = preSolution
		HideSolutionNode = FALSE
	EndGlobalSection
	GlobalSection(ExtensibilityGlobals) = postSolution
		SolutionGuid = {8E4EB7F9-6E98-4DA9-87B0-3B656C2A8C89}
	EndGlobalSection
EndGlobal
